{
  "requires": true,
  "lockfileVersion": 1,
  "dependencies": {
    "@fancyapps/ui": {
      "version": "4.0.0",
      "resolved": "https://registry.npmjs.org/@fancyapps/ui/-/ui-4.0.0.tgz",
      "integrity": "sha512-AO2utVglGRxLKRA96u8N2mWSmS4ioCSOIRpCocRw3m+uICs0vWNl2ada1zFNzIAUuBnVPy/o4tT6Q9NT0TDzrQ=="
    },
    "bootstrap-icons": {
      "version": "1.5.0",
      "resolved": "https://registry.npmjs.org/bootstrap-icons/-/bootstrap-icons-1.5.0.tgz",
      "integrity": "sha512-44feMc7DE1Ccpsas/1wioN8ewFJNquvi5FewA06wLnqct7CwMdGDVy41ieHaacogzDqLfG8nADIvMNp9e4bfbA=="
    }
  }
}
